
Microsoft Visual Studio Solution File, Format Version 12.00
# Visual Studio Version 16
VisualStudioVersion = 16.0.29409.12
MinimumVisualStudioVersion = 10.0.40219.1
Project("{2150E333-8FDC-42A3-9474-1A3956D46DE8}") = "src", "src", "{C2F8C65D-BF50-43CA-AEE3-4CABA6A38F9C}"
EndProject
Project("{2150E333-8FDC-42A3-9474-1A3956D46DE8}") = "ApiGateways", "ApiGateways", "{8703AE94-535F-4067-B694-0579AEE3C18C}"
EndProject
Project("{9A19103F-16F7-4668-BE54-9A1E7A4F7556}") = "MsSystem.Gateway", "src\ApiGateways\MsSystem.Gateway\MsSystem.Gateway.csproj", "{974091E2-F27C-4203-8EC1-247D1259A04B}"
EndProject
Project("{2150E333-8FDC-42A3-9474-1A3956D46DE8}") = "Services", "Services", "{9C52C063-D70C-4ACF-8EED-E06F0363AEF9}"
EndProject
Project("{2150E333-8FDC-42A3-9474-1A3956D46DE8}") = "Identity", "Identity", "{AA251917-5DC2-4221-A0D6-816ADF6E47D1}"
EndProject
Project("{2150E333-8FDC-42A3-9474-1A3956D46DE8}") = "System", "System", "{F30241D2-F5D0-41B6-9EC3-2149287D5C17}"
EndProject
Project("{9A19103F-16F7-4668-BE54-9A1E7A4F7556}") = "MsSystem.Sys.Model", "src\Services\System\MsSystem.Sys.Model\MsSystem.Sys.Model.csproj", "{12D341FF-E59C-48CF-B59E-9C5A0D7C09E2}"
EndProject
Project("{9A19103F-16F7-4668-BE54-9A1E7A4F7556}") = "MsSystem.Sys.ViewModel", "src\Services\System\MsSystem.Sys.ViewModel\MsSystem.Sys.ViewModel.csproj", "{3D11A95C-1F96-4566-9BF6-1765C719D35B}"
EndProject
Project("{9A19103F-16F7-4668-BE54-9A1E7A4F7556}") = "MsSystem.Sys.IRepository", "src\Services\System\MsSystem.Sys.IRepository\MsSystem.Sys.IRepository.csproj", "{AC45BBDD-92FE-46F9-B396-10765725FBBD}"
EndProject
Project("{9A19103F-16F7-4668-BE54-9A1E7A4F7556}") = "MsSystem.Sys.Repository", "src\Services\System\MsSystem.Sys.Repository\MsSystem.Sys.Repository.csproj", "{69944A79-EE13-4FDE-9EAC-B3D71FF12C3A}"
EndProject
Project("{9A19103F-16F7-4668-BE54-9A1E7A4F7556}") = "MsSystem.Sys.IService", "src\Services\System\MsSystem.Sys.IService\MsSystem.Sys.IService.csproj", "{A1695CEB-C73F-4E5A-80F7-594C05BC3093}"
EndProject
Project("{9A19103F-16F7-4668-BE54-9A1E7A4F7556}") = "MsSystem.Sys.Service", "src\Services\System\MsSystem.Sys.Service\MsSystem.Sys.Service.csproj", "{D17E54A6-8F5C-4565-8230-009A9A007773}"
EndProject
Project("{9A19103F-16F7-4668-BE54-9A1E7A4F7556}") = "MsSystem.Sys.API", "src\Services\System\MsSystem.Sys.API\MsSystem.Sys.API.csproj", "{70F0ACB4-1631-4A83-8E51-E54E0FD213B0}"
EndProject
Project("{2150E333-8FDC-42A3-9474-1A3956D46DE8}") = "WorkFlow", "WorkFlow", "{25F3F83B-2BF4-48E0-BDD9-18BA46CA00A1}"
EndProject
Project("{2150E333-8FDC-42A3-9474-1A3956D46DE8}") = "OA", "OA", "{8A47582B-01BD-4408-806C-27C7C6AFED81}"
EndProject
Project("{9A19103F-16F7-4668-BE54-9A1E7A4F7556}") = "MsSystem.WF.Model", "src\Services\WorkFlow\MsSystem.WF.Model\MsSystem.WF.Model.csproj", "{E9A6FA7E-9954-42A9-987C-448FCBDB8DAE}"
EndProject
Project("{9A19103F-16F7-4668-BE54-9A1E7A4F7556}") = "MsSystem.WF.ViewModel", "src\Services\WorkFlow\MsSystem.WF.ViewModel\MsSystem.WF.ViewModel.csproj", "{5CB7175B-DAD5-41A2-A5DC-B933CA719688}"
EndProject
Project("{9A19103F-16F7-4668-BE54-9A1E7A4F7556}") = "MsSystem.WF.IRepository", "src\Services\WorkFlow\MsSystem.WF.IRepository\MsSystem.WF.IRepository.csproj", "{0A071F4C-EA12-4F12-87DC-FF26FFEE80B6}"
EndProject
Project("{9A19103F-16F7-4668-BE54-9A1E7A4F7556}") = "MsSystem.WF.Repository", "src\Services\WorkFlow\MsSystem.WF.Repository\MsSystem.WF.Repository.csproj", "{A7A865AF-CC07-4A36-A27C-E636F1EF9B8A}"
EndProject
Project("{9A19103F-16F7-4668-BE54-9A1E7A4F7556}") = "MsSystem.WF.IService", "src\Services\WorkFlow\MsSystem.WF.IService\MsSystem.WF.IService.csproj", "{EDC8C00B-CAD3-4BE3-8AD8-83607F6417B8}"
EndProject
Project("{9A19103F-16F7-4668-BE54-9A1E7A4F7556}") = "MsSystem.WF.Service", "src\Services\WorkFlow\MsSystem.WF.Service\MsSystem.WF.Service.csproj", "{24DE1438-8A6D-4454-9371-1704ABE1CCBC}"
EndProject
Project("{9A19103F-16F7-4668-BE54-9A1E7A4F7556}") = "MsSystem.WF.API", "src\Services\WorkFlow\MsSystem.WF.API\MsSystem.WF.API.csproj", "{11885F51-E021-4D25-B90D-52131AC25DFF}"
EndProject
Project("{9A19103F-16F7-4668-BE54-9A1E7A4F7556}") = "MsSystem.OA.ViewModel", "src\Services\OA\MsSystem.OA.ViewModel\MsSystem.OA.ViewModel.csproj", "{8FBDF311-3300-4505-A177-5E7CDFDA0B44}"
EndProject
Project("{9A19103F-16F7-4668-BE54-9A1E7A4F7556}") = "MsSystem.OA.Model", "src\Services\OA\MsSystem.OA.Model\MsSystem.OA.Model.csproj", "{46C7027D-D76D-4525-B383-3EA66621102A}"
EndProject
Project("{9A19103F-16F7-4668-BE54-9A1E7A4F7556}") = "MsSystem.OA.IRepository", "src\Services\OA\MsSystem.OA.IRepository\MsSystem.OA.IRepository.csproj", "{15AF63EC-02E8-4F18-BC66-E3BBB30C8092}"
EndProject
Project("{9A19103F-16F7-4668-BE54-9A1E7A4F7556}") = "MsSystem.OA.Repository", "src\Services\OA\MsSystem.OA.Repository\MsSystem.OA.Repository.csproj", "{8186F4B6-DE59-4AC8-8224-6BF65B0F63FF}"
EndProject
Project("{9A19103F-16F7-4668-BE54-9A1E7A4F7556}") = "MsSystem.OA.IService", "src\Services\OA\MsSystem.OA.IService\MsSystem.OA.IService.csproj", "{D2B152F1-EA0C-4869-BA73-65DDC922E6F8}"
EndProject
Project("{9A19103F-16F7-4668-BE54-9A1E7A4F7556}") = "MsSystem.OA.Service", "src\Services\OA\MsSystem.OA.Service\MsSystem.OA.Service.csproj", "{47AAA4BA-9D06-4873-9717-09748B370D9C}"
EndProject
Project("{9A19103F-16F7-4668-BE54-9A1E7A4F7556}") = "MsSystem.OA.API", "src\Services\OA\MsSystem.OA.API\MsSystem.OA.API.csproj", "{1139BB92-43E5-464A-9D49-BE893DFFF52B}"
EndProject
Project("{2150E333-8FDC-42A3-9474-1A3956D46DE8}") = "Web", "Web", "{18150C3F-65B7-41DB-BFC1-AAE6E75CEDF6}"
EndProject
Project("{2150E333-8FDC-42A3-9474-1A3956D46DE8}") = "MVC", "MVC", "{EC193F05-A8C9-4E99-ACE2-FFB9ED1BC524}"
EndProject
Project("{9A19103F-16F7-4668-BE54-9A1E7A4F7556}") = "MsSystem.Utility", "src\Web\MVC\MsSystem.Utility\MsSystem.Utility.csproj", "{CA601077-C2BA-48D7-B8C7-786F72AFD419}"
EndProject
Project("{9A19103F-16F7-4668-BE54-9A1E7A4F7556}") = "MsSystem.Web", "src\Web\MVC\MsSystem.Web\MsSystem.Web.csproj", "{C89135BB-C816-4047-AB37-6A6DCF0CD500}"
EndProject
Project("{2150E333-8FDC-42A3-9474-1A3956D46DE8}") = "Controllers", "Controllers", "{6DE2A89C-C1DF-42F7-A80D-2D9F318E95EF}"
EndProject
Project("{9A19103F-16F7-4668-BE54-9A1E7A4F7556}") = "MsSystem.Web.Areas.Sys", "src\Web\MVC\Controllers\MsSystem.Web.Areas.Sys\MsSystem.Web.Areas.Sys.csproj", "{37B89C8E-1CD8-4DEA-92D6-C6363289FCA5}"
EndProject
Project("{9A19103F-16F7-4668-BE54-9A1E7A4F7556}") = "MsSystem.Web.Areas.WF", "src\Web\MVC\Controllers\MsSystem.Web.Areas.WF\MsSystem.Web.Areas.WF.csproj", "{9006F81B-6BB4-4B8D-8CDD-C78D34D57DB5}"
EndProject
Project("{9A19103F-16F7-4668-BE54-9A1E7A4F7556}") = "MsSystem.Web.Areas.OA", "src\Web\MVC\Controllers\MsSystem.Web.Areas.OA\MsSystem.Web.Areas.OA.csproj", "{FC7551D9-A1FA-490A-9D1B-6A722E864C1D}"
EndProject
Project("{2150E333-8FDC-42A3-9474-1A3956D46DE8}") = "Weixin", "Weixin", "{BA98E726-7405-4409-B303-7CD33C07F08E}"
EndProject
Project("{9A19103F-16F7-4668-BE54-9A1E7A4F7556}") = "MsSystem.Weixin.Model", "src\Services\Weixin\MsSystem.Weixin.Model\MsSystem.Weixin.Model.csproj", "{37162D85-AC80-4ADE-91CC-8B40447A549C}"
EndProject
Project("{9A19103F-16F7-4668-BE54-9A1E7A4F7556}") = "MsSystem.Weixin.ViewModel", "src\Services\Weixin\MsSystem.Weixin.ViewModel\MsSystem.Weixin.ViewModel.csproj", "{88E40608-A1E3-4585-8A33-39CC591E5945}"
EndProject
Project("{9A19103F-16F7-4668-BE54-9A1E7A4F7556}") = "MsSystem.Weixin.IRepository", "src\Services\Weixin\MsSystem.Weixin.IRepository\MsSystem.Weixin.IRepository.csproj", "{66F6CBDA-3A27-412F-BAD8-D7170561C3DC}"
EndProject
Project("{9A19103F-16F7-4668-BE54-9A1E7A4F7556}") = "MsSystem.Weixin.Repository", "src\Services\Weixin\MsSystem.Weixin.Repository\MsSystem.Weixin.Repository.csproj", "{54333183-0D78-4054-892D-F345925844A7}"
EndProject
Project("{9A19103F-16F7-4668-BE54-9A1E7A4F7556}") = "MsSystem.Weixin.IService", "src\Services\Weixin\MsSystem.Weixin.IService\MsSystem.Weixin.IService.csproj", "{2D26088C-5287-4A49-A252-8F40C9CFDC35}"
EndProject
Project("{9A19103F-16F7-4668-BE54-9A1E7A4F7556}") = "MsSystem.Weixin.Service", "src\Services\Weixin\MsSystem.Weixin.Service\MsSystem.Weixin.Service.csproj", "{43C4240F-8F25-4B13-A3DF-B666934824C2}"
EndProject
Project("{9A19103F-16F7-4668-BE54-9A1E7A4F7556}") = "MsSystem.Weixin.API", "src\Services\Weixin\MsSystem.Weixin.API\MsSystem.Weixin.API.csproj", "{033A0738-CACB-4241-9255-0EE3548E3D1A}"
EndProject
Project("{9A19103F-16F7-4668-BE54-9A1E7A4F7556}") = "MsSystem.Web.Areas.Weixin", "src\Web\MVC\Controllers\MsSystem.Web.Areas.Weixin\MsSystem.Web.Areas.Weixin.csproj", "{C71296C2-9D3E-49A5-A405-967262330A83}"
EndProject
Project("{2150E333-8FDC-42A3-9474-1A3956D46DE8}") = "Shop", "Shop", "{4EE5DB73-E884-4B54-BF6E-CF8C7549C38C}"
EndProject
Project("{2150E333-8FDC-42A3-9474-1A3956D46DE8}") = "Projects", "Projects", "{2A21C91E-3089-46BB-81CF-83636C0152D9}"
EndProject
Project("{9A19103F-16F7-4668-BE54-9A1E7A4F7556}") = "SnacksShop.Projects.API", "src\Services\Shop\Projects\SnacksShop.Projects.API\SnacksShop.Projects.API.csproj", "{35BC52CA-00AC-4C06-96BB-BDD253D70BDF}"
EndProject
Project("{9A19103F-16F7-4668-BE54-9A1E7A4F7556}") = "SnacksShop.Projects.Domain", "src\Services\Shop\Projects\SnacksShop.Projects.Domain\SnacksShop.Projects.Domain.csproj", "{707925DD-487B-4BE3-A6AF-5DAEC7465A1C}"
EndProject
Project("{9A19103F-16F7-4668-BE54-9A1E7A4F7556}") = "SnacksShop.Projects.Infrastructure", "src\Services\Shop\Projects\SnacksShop.Projects.Infrastructure\SnacksShop.Projects.Infrastructure.csproj", "{DB20B349-B602-4854-A730-71B616F85BB2}"
EndProject
Project("{2150E333-8FDC-42A3-9474-1A3956D46DE8}") = "BuildingBlocks", "BuildingBlocks", "{DD97BDF1-8894-4708-83CB-87ACF05A0917}"
EndProject
Project("{2150E333-8FDC-42A3-9474-1A3956D46DE8}") = "EventBus", "EventBus", "{F1A2A87A-9577-4CEA-AD0C-4F571A691E41}"
EndProject
Project("{9A19103F-16F7-4668-BE54-9A1E7A4F7556}") = "JadeFramework.EventBus", "src\BuildingBlocks\EventBus\JadeFramework.EventBus\JadeFramework.EventBus.csproj", "{0BE12DF7-9A72-4710-A79B-38035255E07A}"
EndProject
Project("{9A19103F-16F7-4668-BE54-9A1E7A4F7556}") = "JadeFramework.EventBus.RabbitMQ", "src\BuildingBlocks\EventBus\JadeFramework.EventBus.RabbitMQ\JadeFramework.EventBus.RabbitMQ.csproj", "{66F70AC6-5408-4797-9EE4-C96855A895C6}"
EndProject
Project("{9A19103F-16F7-4668-BE54-9A1E7A4F7556}") = "SnacksShop.EventBus.RabbitMQ", "src\Services\Shop\SnacksShop.EventBus.RabbitMQ\SnacksShop.EventBus.RabbitMQ.csproj", "{B42EC198-5E89-499F-8A0B-F0F798F60D1C}"
EndProject
Project("{2150E333-8FDC-42A3-9474-1A3956D46DE8}") = "ZipKin", "ZipKin", "{36477194-76AE-4E3F-8D8E-E853BB290770}"
EndProject
Project("{9A19103F-16F7-4668-BE54-9A1E7A4F7556}") = "JadeFramework.Zipkin", "src\BuildingBlocks\Zipkin\JadeFramework.Zipkin\JadeFramework.Zipkin.csproj", "{813A2B1B-0688-4201-AC9F-0D48F68D0C20}"
EndProject
Project("{2150E333-8FDC-42A3-9474-1A3956D46DE8}") = "Resilience", "Resilience", "{974277C4-8432-4154-B0C5-807350316EF8}"
EndProject
Project("{9A19103F-16F7-4668-BE54-9A1E7A4F7556}") = "Resilience.Http", "src\BuildingBlocks\Resilience\Resilience.Http\Resilience.Http.csproj", "{7A2668EC-9CC2-4119-B509-4270DD448933}"
EndProject
Project("{9A19103F-16F7-4668-BE54-9A1E7A4F7556}") = "Resilience.Http.DependencyInjection", "src\BuildingBlocks\Resilience\Resilience.Http.DependencyInjection\Resilience.Http.DependencyInjection.csproj", "{26D6C08B-9D02-4E66-B93E-ECB48DCBAC60}"
EndProject
Project("{2150E333-8FDC-42A3-9474-1A3956D46DE8}") = "Solution Items", "Solution Items", "{30B56DAB-942F-4368-BA50-8AB66CAF79BD}"
	ProjectSection(SolutionItems) = preProject
		.env = .env
	EndProjectSection
EndProject
Project("{9A19103F-16F7-4668-BE54-9A1E7A4F7556}") = "MsSystem.Identity", "src\Services\Identity\MsSystem.Identity\MsSystem.Identity.csproj", "{80B2091D-5B7B-48D4-BCCB-FFEC22CB965A}"
EndProject
Project("{9A19103F-16F7-4668-BE54-9A1E7A4F7556}") = "MsSystem.Sys.Schedule.Infrastructure", "src\Services\System\MsSystem.Sys.Schedule.Infrastructure\MsSystem.Sys.Schedule.Infrastructure.csproj", "{CA9B109E-10C0-49C0-BD9E-9D0BE28F3AC9}"
EndProject
Project("{2150E333-8FDC-42A3-9474-1A3956D46DE8}") = "Consul", "Consul", "{E381D6B3-AC85-49F8-85EB-E53A8F80BCFF}"
EndProject
Project("{9A19103F-16F7-4668-BE54-9A1E7A4F7556}") = "JadeFramework.ServiceRegistration", "src\BuildingBlocks\Consul\JadeFramework.ServiceRegistration\JadeFramework.ServiceRegistration.csproj", "{1030BECA-9EA8-444C-82BD-1B9D9EC8FDB1}"
EndProject
Global
	GlobalSection(SolutionConfigurationPlatforms) = preSolution
		Debug|Any CPU = Debug|Any CPU
		Release|Any CPU = Release|Any CPU
	EndGlobalSection
	GlobalSection(ProjectConfigurationPlatforms) = postSolution
		{974091E2-F27C-4203-8EC1-247D1259A04B}.Debug|Any CPU.ActiveCfg = Debug|Any CPU
		{974091E2-F27C-4203-8EC1-247D1259A04B}.Debug|Any CPU.Build.0 = Debug|Any CPU
		{974091E2-F27C-4203-8EC1-247D1259A04B}.Release|Any CPU.ActiveCfg = Release|Any CPU
		{974091E2-F27C-4203-8EC1-247D1259A04B}.Release|Any CPU.Build.0 = Release|Any CPU
		{12D341FF-E59C-48CF-B59E-9C5A0D7C09E2}.Debug|Any CPU.ActiveCfg = Debug|Any CPU
		{12D341FF-E59C-48CF-B59E-9C5A0D7C09E2}.Debug|Any CPU.Build.0 = Debug|Any CPU
		{12D341FF-E59C-48CF-B59E-9C5A0D7C09E2}.Release|Any CPU.ActiveCfg = Release|Any CPU
		{12D341FF-E59C-48CF-B59E-9C5A0D7C09E2}.Release|Any CPU.Build.0 = Release|Any CPU
		{3D11A95C-1F96-4566-9BF6-1765C719D35B}.Debug|Any CPU.ActiveCfg = Debug|Any CPU
		{3D11A95C-1F96-4566-9BF6-1765C719D35B}.Debug|Any CPU.Build.0 = Debug|Any CPU
		{3D11A95C-1F96-4566-9BF6-1765C719D35B}.Release|Any CPU.ActiveCfg = Release|Any CPU
		{3D11A95C-1F96-4566-9BF6-1765C719D35B}.Release|Any CPU.Build.0 = Release|Any CPU
		{AC45BBDD-92FE-46F9-B396-10765725FBBD}.Debug|Any CPU.ActiveCfg = Debug|Any CPU
		{AC45BBDD-92FE-46F9-B396-10765725FBBD}.Debug|Any CPU.Build.0 = Debug|Any CPU
		{AC45BBDD-92FE-46F9-B396-10765725FBBD}.Release|Any CPU.ActiveCfg = Release|Any CPU
		{AC45BBDD-92FE-46F9-B396-10765725FBBD}.Release|Any CPU.Build.0 = Release|Any CPU
		{69944A79-EE13-4FDE-9EAC-B3D71FF12C3A}.Debug|Any CPU.ActiveCfg = Debug|Any CPU
		{69944A79-EE13-4FDE-9EAC-B3D71FF12C3A}.Debug|Any CPU.Build.0 = Debug|Any CPU
		{69944A79-EE13-4FDE-9EAC-B3D71FF12C3A}.Release|Any CPU.ActiveCfg = Release|Any CPU
		{69944A79-EE13-4FDE-9EAC-B3D71FF12C3A}.Release|Any CPU.Build.0 = Release|Any CPU
		{A1695CEB-C73F-4E5A-80F7-594C05BC3093}.Debug|Any CPU.ActiveCfg = Debug|Any CPU
		{A1695CEB-C73F-4E5A-80F7-594C05BC3093}.Debug|Any CPU.Build.0 = Debug|Any CPU
		{A1695CEB-C73F-4E5A-80F7-594C05BC3093}.Release|Any CPU.ActiveCfg = Release|Any CPU
		{A1695CEB-C73F-4E5A-80F7-594C05BC3093}.Release|Any CPU.Build.0 = Release|Any CPU
		{D17E54A6-8F5C-4565-8230-009A9A007773}.Debug|Any CPU.ActiveCfg = Debug|Any CPU
		{D17E54A6-8F5C-4565-8230-009A9A007773}.Debug|Any CPU.Build.0 = Debug|Any CPU
		{D17E54A6-8F5C-4565-8230-009A9A007773}.Release|Any CPU.ActiveCfg = Release|Any CPU
		{D17E54A6-8F5C-4565-8230-009A9A007773}.Release|Any CPU.Build.0 = Release|Any CPU
		{70F0ACB4-1631-4A83-8E51-E54E0FD213B0}.Debug|Any CPU.ActiveCfg = Debug|Any CPU
		{70F0ACB4-1631-4A83-8E51-E54E0FD213B0}.Debug|Any CPU.Build.0 = Debug|Any CPU
		{70F0ACB4-1631-4A83-8E51-E54E0FD213B0}.Release|Any CPU.ActiveCfg = Release|Any CPU
		{70F0ACB4-1631-4A83-8E51-E54E0FD213B0}.Release|Any CPU.Build.0 = Release|Any CPU
		{E9A6FA7E-9954-42A9-987C-448FCBDB8DAE}.Debug|Any CPU.ActiveCfg = Debug|Any CPU
		{E9A6FA7E-9954-42A9-987C-448FCBDB8DAE}.Debug|Any CPU.Build.0 = Debug|Any CPU
		{E9A6FA7E-9954-42A9-987C-448FCBDB8DAE}.Release|Any CPU.ActiveCfg = Release|Any CPU
		{E9A6FA7E-9954-42A9-987C-448FCBDB8DAE}.Release|Any CPU.Build.0 = Release|Any CPU
		{5CB7175B-DAD5-41A2-A5DC-B933CA719688}.Debug|Any CPU.ActiveCfg = Debug|Any CPU
		{5CB7175B-DAD5-41A2-A5DC-B933CA719688}.Debug|Any CPU.Build.0 = Debug|Any CPU
		{5CB7175B-DAD5-41A2-A5DC-B933CA719688}.Release|Any CPU.ActiveCfg = Release|Any CPU
		{5CB7175B-DAD5-41A2-A5DC-B933CA719688}.Release|Any CPU.Build.0 = Release|Any CPU
		{0A071F4C-EA12-4F12-87DC-FF26FFEE80B6}.Debug|Any CPU.ActiveCfg = Debug|Any CPU
		{0A071F4C-EA12-4F12-87DC-FF26FFEE80B6}.Debug|Any CPU.Build.0 = Debug|Any CPU
		{0A071F4C-EA12-4F12-87DC-FF26FFEE80B6}.Release|Any CPU.ActiveCfg = Release|Any CPU
		{0A071F4C-EA12-4F12-87DC-FF26FFEE80B6}.Release|Any CPU.Build.0 = Release|Any CPU
		{A7A865AF-CC07-4A36-A27C-E636F1EF9B8A}.Debug|Any CPU.ActiveCfg = Debug|Any CPU
		{A7A865AF-CC07-4A36-A27C-E636F1EF9B8A}.Debug|Any CPU.Build.0 = Debug|Any CPU
		{A7A865AF-CC07-4A36-A27C-E636F1EF9B8A}.Release|Any CPU.ActiveCfg = Release|Any CPU
		{A7A865AF-CC07-4A36-A27C-E636F1EF9B8A}.Release|Any CPU.Build.0 = Release|Any CPU
		{EDC8C00B-CAD3-4BE3-8AD8-83607F6417B8}.Debug|Any CPU.ActiveCfg = Debug|Any CPU
		{EDC8C00B-CAD3-4BE3-8AD8-83607F6417B8}.Debug|Any CPU.Build.0 = Debug|Any CPU
		{EDC8C00B-CAD3-4BE3-8AD8-83607F6417B8}.Release|Any CPU.ActiveCfg = Release|Any CPU
		{EDC8C00B-CAD3-4BE3-8AD8-83607F6417B8}.Release|Any CPU.Build.0 = Release|Any CPU
		{24DE1438-8A6D-4454-9371-1704ABE1CCBC}.Debug|Any CPU.ActiveCfg = Debug|Any CPU
		{24DE1438-8A6D-4454-9371-1704ABE1CCBC}.Debug|Any CPU.Build.0 = Debug|Any CPU
		{24DE1438-8A6D-4454-9371-1704ABE1CCBC}.Release|Any CPU.ActiveCfg = Release|Any CPU
		{24DE1438-8A6D-4454-9371-1704ABE1CCBC}.Release|Any CPU.Build.0 = Release|Any CPU
		{11885F51-E021-4D25-B90D-52131AC25DFF}.Debug|Any CPU.ActiveCfg = Debug|Any CPU
		{11885F51-E021-4D25-B90D-52131AC25DFF}.Debug|Any CPU.Build.0 = Debug|Any CPU
		{11885F51-E021-4D25-B90D-52131AC25DFF}.Release|Any CPU.ActiveCfg = Release|Any CPU
		{11885F51-E021-4D25-B90D-52131AC25DFF}.Release|Any CPU.Build.0 = Release|Any CPU
		{8FBDF311-3300-4505-A177-5E7CDFDA0B44}.Debug|Any CPU.ActiveCfg = Debug|Any CPU
		{8FBDF311-3300-4505-A177-5E7CDFDA0B44}.Debug|Any CPU.Build.0 = Debug|Any CPU
		{8FBDF311-3300-4505-A177-5E7CDFDA0B44}.Release|Any CPU.ActiveCfg = Release|Any CPU
		{8FBDF311-3300-4505-A177-5E7CDFDA0B44}.Release|Any CPU.Build.0 = Release|Any CPU
		{46C7027D-D76D-4525-B383-3EA66621102A}.Debug|Any CPU.ActiveCfg = Debug|Any CPU
		{46C7027D-D76D-4525-B383-3EA66621102A}.Debug|Any CPU.Build.0 = Debug|Any CPU
		{46C7027D-D76D-4525-B383-3EA66621102A}.Release|Any CPU.ActiveCfg = Release|Any CPU
		{46C7027D-D76D-4525-B383-3EA66621102A}.Release|Any CPU.Build.0 = Release|Any CPU
		{15AF63EC-02E8-4F18-BC66-E3BBB30C8092}.Debug|Any CPU.ActiveCfg = Debug|Any CPU
		{15AF63EC-02E8-4F18-BC66-E3BBB30C8092}.Debug|Any CPU.Build.0 = Debug|Any CPU
		{15AF63EC-02E8-4F18-BC66-E3BBB30C8092}.Release|Any CPU.ActiveCfg = Release|Any CPU
		{15AF63EC-02E8-4F18-BC66-E3BBB30C8092}.Release|Any CPU.Build.0 = Release|Any CPU
		{8186F4B6-DE59-4AC8-8224-6BF65B0F63FF}.Debug|Any CPU.ActiveCfg = Debug|Any CPU
		{8186F4B6-DE59-4AC8-8224-6BF65B0F63FF}.Debug|Any CPU.Build.0 = Debug|Any CPU
		{8186F4B6-DE59-4AC8-8224-6BF65B0F63FF}.Release|Any CPU.ActiveCfg = Release|Any CPU
		{8186F4B6-DE59-4AC8-8224-6BF65B0F63FF}.Release|Any CPU.Build.0 = Release|Any CPU
		{D2B152F1-EA0C-4869-BA73-65DDC922E6F8}.Debug|Any CPU.ActiveCfg = Debug|Any CPU
		{D2B152F1-EA0C-4869-BA73-65DDC922E6F8}.Debug|Any CPU.Build.0 = Debug|Any CPU
		{D2B152F1-EA0C-4869-BA73-65DDC922E6F8}.Release|Any CPU.ActiveCfg = Release|Any CPU
		{D2B152F1-EA0C-4869-BA73-65DDC922E6F8}.Release|Any CPU.Build.0 = Release|Any CPU
		{47AAA4BA-9D06-4873-9717-09748B370D9C}.Debug|Any CPU.ActiveCfg = Debug|Any CPU
		{47AAA4BA-9D06-4873-9717-09748B370D9C}.Debug|Any CPU.Build.0 = Debug|Any CPU
		{47AAA4BA-9D06-4873-9717-09748B370D9C}.Release|Any CPU.ActiveCfg = Release|Any CPU
		{47AAA4BA-9D06-4873-9717-09748B370D9C}.Release|Any CPU.Build.0 = Release|Any CPU
		{1139BB92-43E5-464A-9D49-BE893DFFF52B}.Debug|Any CPU.ActiveCfg = Debug|Any CPU
		{1139BB92-43E5-464A-9D49-BE893DFFF52B}.Debug|Any CPU.Build.0 = Debug|Any CPU
		{1139BB92-43E5-464A-9D49-BE893DFFF52B}.Release|Any CPU.ActiveCfg = Release|Any CPU
		{1139BB92-43E5-464A-9D49-BE893DFFF52B}.Release|Any CPU.Build.0 = Release|Any CPU
		{CA601077-C2BA-48D7-B8C7-786F72AFD419}.Debug|Any CPU.ActiveCfg = Debug|Any CPU
		{CA601077-C2BA-48D7-B8C7-786F72AFD419}.Debug|Any CPU.Build.0 = Debug|Any CPU
		{CA601077-C2BA-48D7-B8C7-786F72AFD419}.Release|Any CPU.ActiveCfg = Release|Any CPU
		{CA601077-C2BA-48D7-B8C7-786F72AFD419}.Release|Any CPU.Build.0 = Release|Any CPU
		{C89135BB-C816-4047-AB37-6A6DCF0CD500}.Debug|Any CPU.ActiveCfg = Debug|Any CPU
		{C89135BB-C816-4047-AB37-6A6DCF0CD500}.Debug|Any CPU.Build.0 = Debug|Any CPU
		{C89135BB-C816-4047-AB37-6A6DCF0CD500}.Release|Any CPU.ActiveCfg = Release|Any CPU
		{C89135BB-C816-4047-AB37-6A6DCF0CD500}.Release|Any CPU.Build.0 = Release|Any CPU
		{37B89C8E-1CD8-4DEA-92D6-C6363289FCA5}.Debug|Any CPU.ActiveCfg = Debug|Any CPU
		{37B89C8E-1CD8-4DEA-92D6-C6363289FCA5}.Debug|Any CPU.Build.0 = Debug|Any CPU
		{37B89C8E-1CD8-4DEA-92D6-C6363289FCA5}.Release|Any CPU.ActiveCfg = Release|Any CPU
		{37B89C8E-1CD8-4DEA-92D6-C6363289FCA5}.Release|Any CPU.Build.0 = Release|Any CPU
		{9006F81B-6BB4-4B8D-8CDD-C78D34D57DB5}.Debug|Any CPU.ActiveCfg = Debug|Any CPU
		{9006F81B-6BB4-4B8D-8CDD-C78D34D57DB5}.Debug|Any CPU.Build.0 = Debug|Any CPU
		{9006F81B-6BB4-4B8D-8CDD-C78D34D57DB5}.Release|Any CPU.ActiveCfg = Release|Any CPU
		{9006F81B-6BB4-4B8D-8CDD-C78D34D57DB5}.Release|Any CPU.Build.0 = Release|Any CPU
		{FC7551D9-A1FA-490A-9D1B-6A722E864C1D}.Debug|Any CPU.ActiveCfg = Debug|Any CPU
		{FC7551D9-A1FA-490A-9D1B-6A722E864C1D}.Debug|Any CPU.Build.0 = Debug|Any CPU
		{FC7551D9-A1FA-490A-9D1B-6A722E864C1D}.Release|Any CPU.ActiveCfg = Release|Any CPU
		{FC7551D9-A1FA-490A-9D1B-6A722E864C1D}.Release|Any CPU.Build.0 = Release|Any CPU
		{37162D85-AC80-4ADE-91CC-8B40447A549C}.Debug|Any CPU.ActiveCfg = Debug|Any CPU
		{37162D85-AC80-4ADE-91CC-8B40447A549C}.Debug|Any CPU.Build.0 = Debug|Any CPU
		{37162D85-AC80-4ADE-91CC-8B40447A549C}.Release|Any CPU.ActiveCfg = Release|Any CPU
		{37162D85-AC80-4ADE-91CC-8B40447A549C}.Release|Any CPU.Build.0 = Release|Any CPU
		{88E40608-A1E3-4585-8A33-39CC591E5945}.Debug|Any CPU.ActiveCfg = Debug|Any CPU
		{88E40608-A1E3-4585-8A33-39CC591E5945}.Debug|Any CPU.Build.0 = Debug|Any CPU
		{88E40608-A1E3-4585-8A33-39CC591E5945}.Release|Any CPU.ActiveCfg = Release|Any CPU
		{88E40608-A1E3-4585-8A33-39CC591E5945}.Release|Any CPU.Build.0 = Release|Any CPU
		{66F6CBDA-3A27-412F-BAD8-D7170561C3DC}.Debug|Any CPU.ActiveCfg = Debug|Any CPU
		{66F6CBDA-3A27-412F-BAD8-D7170561C3DC}.Debug|Any CPU.Build.0 = Debug|Any CPU
		{66F6CBDA-3A27-412F-BAD8-D7170561C3DC}.Release|Any CPU.ActiveCfg = Release|Any CPU
		{66F6CBDA-3A27-412F-BAD8-D7170561C3DC}.Release|Any CPU.Build.0 = Release|Any CPU
		{54333183-0D78-4054-892D-F345925844A7}.Debug|Any CPU.ActiveCfg = Debug|Any CPU
		{54333183-0D78-4054-892D-F345925844A7}.Debug|Any CPU.Build.0 = Debug|Any CPU
		{54333183-0D78-4054-892D-F345925844A7}.Release|Any CPU.ActiveCfg = Release|Any CPU
		{54333183-0D78-4054-892D-F345925844A7}.Release|Any CPU.Build.0 = Release|Any CPU
		{2D26088C-5287-4A49-A252-8F40C9CFDC35}.Debug|Any CPU.ActiveCfg = Debug|Any CPU
		{2D26088C-5287-4A49-A252-8F40C9CFDC35}.Debug|Any CPU.Build.0 = Debug|Any CPU
		{2D26088C-5287-4A49-A252-8F40C9CFDC35}.Release|Any CPU.ActiveCfg = Release|Any CPU
		{2D26088C-5287-4A49-A252-8F40C9CFDC35}.Release|Any CPU.Build.0 = Release|Any CPU
		{43C4240F-8F25-4B13-A3DF-B666934824C2}.Debug|Any CPU.ActiveCfg = Debug|Any CPU
		{43C4240F-8F25-4B13-A3DF-B666934824C2}.Debug|Any CPU.Build.0 = Debug|Any CPU
		{43C4240F-8F25-4B13-A3DF-B666934824C2}.Release|Any CPU.ActiveCfg = Release|Any CPU
		{43C4240F-8F25-4B13-A3DF-B666934824C2}.Release|Any CPU.Build.0 = Release|Any CPU
		{033A0738-CACB-4241-9255-0EE3548E3D1A}.Debug|Any CPU.ActiveCfg = Debug|Any CPU
		{033A0738-CACB-4241-9255-0EE3548E3D1A}.Debug|Any CPU.Build.0 = Debug|Any CPU
		{033A0738-CACB-4241-9255-0EE3548E3D1A}.Release|Any CPU.ActiveCfg = Release|Any CPU
		{033A0738-CACB-4241-9255-0EE3548E3D1A}.Release|Any CPU.Build.0 = Release|Any CPU
		{C71296C2-9D3E-49A5-A405-967262330A83}.Debug|Any CPU.ActiveCfg = Debug|Any CPU
		{C71296C2-9D3E-49A5-A405-967262330A83}.Debug|Any CPU.Build.0 = Debug|Any CPU
		{C71296C2-9D3E-49A5-A405-967262330A83}.Release|Any CPU.ActiveCfg = Release|Any CPU
		{C71296C2-9D3E-49A5-A405-967262330A83}.Release|Any CPU.Build.0 = Release|Any CPU
		{35BC52CA-00AC-4C06-96BB-BDD253D70BDF}.Debug|Any CPU.ActiveCfg = Debug|Any CPU
		{35BC52CA-00AC-4C06-96BB-BDD253D70BDF}.Debug|Any CPU.Build.0 = Debug|Any CPU
		{35BC52CA-00AC-4C06-96BB-BDD253D70BDF}.Release|Any CPU.ActiveCfg = Release|Any CPU
		{35BC52CA-00AC-4C06-96BB-BDD253D70BDF}.Release|Any CPU.Build.0 = Release|Any CPU
		{707925DD-487B-4BE3-A6AF-5DAEC7465A1C}.Debug|Any CPU.ActiveCfg = Debug|Any CPU
		{707925DD-487B-4BE3-A6AF-5DAEC7465A1C}.Debug|Any CPU.Build.0 = Debug|Any CPU
		{707925DD-487B-4BE3-A6AF-5DAEC7465A1C}.Release|Any CPU.ActiveCfg = Release|Any CPU
		{707925DD-487B-4BE3-A6AF-5DAEC7465A1C}.Release|Any CPU.Build.0 = Release|Any CPU
		{DB20B349-B602-4854-A730-71B616F85BB2}.Debug|Any CPU.ActiveCfg = Debug|Any CPU
		{DB20B349-B602-4854-A730-71B616F85BB2}.Debug|Any CPU.Build.0 = Debug|Any CPU
		{DB20B349-B602-4854-A730-71B616F85BB2}.Release|Any CPU.ActiveCfg = Release|Any CPU
		{DB20B349-B602-4854-A730-71B616F85BB2}.Release|Any CPU.Build.0 = Release|Any CPU
		{0BE12DF7-9A72-4710-A79B-38035255E07A}.Debug|Any CPU.ActiveCfg = Debug|Any CPU
		{0BE12DF7-9A72-4710-A79B-38035255E07A}.Debug|Any CPU.Build.0 = Debug|Any CPU
		{0BE12DF7-9A72-4710-A79B-38035255E07A}.Release|Any CPU.ActiveCfg = Release|Any CPU
		{0BE12DF7-9A72-4710-A79B-38035255E07A}.Release|Any CPU.Build.0 = Release|Any CPU
		{66F70AC6-5408-4797-9EE4-C96855A895C6}.Debug|Any CPU.ActiveCfg = Debug|Any CPU
		{66F70AC6-5408-4797-9EE4-C96855A895C6}.Debug|Any CPU.Build.0 = Debug|Any CPU
		{66F70AC6-5408-4797-9EE4-C96855A895C6}.Release|Any CPU.ActiveCfg = Release|Any CPU
		{66F70AC6-5408-4797-9EE4-C96855A895C6}.Release|Any CPU.Build.0 = Release|Any CPU
		{B42EC198-5E89-499F-8A0B-F0F798F60D1C}.Debug|Any CPU.ActiveCfg = Debug|Any CPU
		{B42EC198-5E89-499F-8A0B-F0F798F60D1C}.Debug|Any CPU.Build.0 = Debug|Any CPU
		{B42EC198-5E89-499F-8A0B-F0F798F60D1C}.Release|Any CPU.ActiveCfg = Release|Any CPU
		{B42EC198-5E89-499F-8A0B-F0F798F60D1C}.Release|Any CPU.Build.0 = Release|Any CPU
		{813A2B1B-0688-4201-AC9F-0D48F68D0C20}.Debug|Any CPU.ActiveCfg = Debug|Any CPU
		{813A2B1B-0688-4201-AC9F-0D48F68D0C20}.Debug|Any CPU.Build.0 = Debug|Any CPU
		{813A2B1B-0688-4201-AC9F-0D48F68D0C20}.Release|Any CPU.ActiveCfg = Release|Any CPU
		{813A2B1B-0688-4201-AC9F-0D48F68D0C20}.Release|Any CPU.Build.0 = Release|Any CPU
		{7A2668EC-9CC2-4119-B509-4270DD448933}.Debug|Any CPU.ActiveCfg = Debug|Any CPU
		{7A2668EC-9CC2-4119-B509-4270DD448933}.Debug|Any CPU.Build.0 = Debug|Any CPU
		{7A2668EC-9CC2-4119-B509-4270DD448933}.Release|Any CPU.ActiveCfg = Release|Any CPU
		{7A2668EC-9CC2-4119-B509-4270DD448933}.Release|Any CPU.Build.0 = Release|Any CPU
		{26D6C08B-9D02-4E66-B93E-ECB48DCBAC60}.Debug|Any CPU.ActiveCfg = Debug|Any CPU
		{26D6C08B-9D02-4E66-B93E-ECB48DCBAC60}.Debug|Any CPU.Build.0 = Debug|Any CPU
		{26D6C08B-9D02-4E66-B93E-ECB48DCBAC60}.Release|Any CPU.ActiveCfg = Release|Any CPU
		{26D6C08B-9D02-4E66-B93E-ECB48DCBAC60}.Release|Any CPU.Build.0 = Release|Any CPU
		{80B2091D-5B7B-48D4-BCCB-FFEC22CB965A}.Debug|Any CPU.ActiveCfg = Debug|Any CPU
		{80B2091D-5B7B-48D4-BCCB-FFEC22CB965A}.Debug|Any CPU.Build.0 = Debug|Any CPU
		{80B2091D-5B7B-48D4-BCCB-FFEC22CB965A}.Release|Any CPU.ActiveCfg = Release|Any CPU
		{80B2091D-5B7B-48D4-BCCB-FFEC22CB965A}.Release|Any CPU.Build.0 = Release|Any CPU
		{CA9B109E-10C0-49C0-BD9E-9D0BE28F3AC9}.Debug|Any CPU.ActiveCfg = Debug|Any CPU
		{CA9B109E-10C0-49C0-BD9E-9D0BE28F3AC9}.Debug|Any CPU.Build.0 = Debug|Any CPU
		{CA9B109E-10C0-49C0-BD9E-9D0BE28F3AC9}.Release|Any CPU.ActiveCfg = Release|Any CPU
		{CA9B109E-10C0-49C0-BD9E-9D0BE28F3AC9}.Release|Any CPU.Build.0 = Release|Any CPU
		{1030BECA-9EA8-444C-82BD-1B9D9EC8FDB1}.Debug|Any CPU.ActiveCfg = Debug|Any CPU
		{1030BECA-9EA8-444C-82BD-1B9D9EC8FDB1}.Debug|Any CPU.Build.0 = Debug|Any CPU
		{1030BECA-9EA8-444C-82BD-1B9D9EC8FDB1}.Release|Any CPU.ActiveCfg = Release|Any CPU
		{1030BECA-9EA8-444C-82BD-1B9D9EC8FDB1}.Release|Any CPU.Build.0 = Release|Any CPU
	EndGlobalSection
	GlobalSection(SolutionProperties) = preSolution
		HideSolutionNode = FALSE
	EndGlobalSection
	GlobalSection(NestedProjects) = preSolution
		{8703AE94-535F-4067-B694-0579AEE3C18C} = {C2F8C65D-BF50-43CA-AEE3-4CABA6A38F9C}
		{974091E2-F27C-4203-8EC1-247D1259A04B} = {8703AE94-535F-4067-B694-0579AEE3C18C}
		{9C52C063-D70C-4ACF-8EED-E06F0363AEF9} = {C2F8C65D-BF50-43CA-AEE3-4CABA6A38F9C}
		{AA251917-5DC2-4221-A0D6-816ADF6E47D1} = {9C52C063-D70C-4ACF-8EED-E06F0363AEF9}
		{F30241D2-F5D0-41B6-9EC3-2149287D5C17} = {9C52C063-D70C-4ACF-8EED-E06F0363AEF9}
		{12D341FF-E59C-48CF-B59E-9C5A0D7C09E2} = {F30241D2-F5D0-41B6-9EC3-2149287D5C17}
		{3D11A95C-1F96-4566-9BF6-1765C719D35B} = {F30241D2-F5D0-41B6-9EC3-2149287D5C17}
		{AC45BBDD-92FE-46F9-B396-10765725FBBD} = {F30241D2-F5D0-41B6-9EC3-2149287D5C17}
		{69944A79-EE13-4FDE-9EAC-B3D71FF12C3A} = {F30241D2-F5D0-41B6-9EC3-2149287D5C17}
		{A1695CEB-C73F-4E5A-80F7-594C05BC3093} = {F30241D2-F5D0-41B6-9EC3-2149287D5C17}
		{D17E54A6-8F5C-4565-8230-009A9A007773} = {F30241D2-F5D0-41B6-9EC3-2149287D5C17}
		{70F0ACB4-1631-4A83-8E51-E54E0FD213B0} = {F30241D2-F5D0-41B6-9EC3-2149287D5C17}
		{25F3F83B-2BF4-48E0-BDD9-18BA46CA00A1} = {9C52C063-D70C-4ACF-8EED-E06F0363AEF9}
		{8A47582B-01BD-4408-806C-27C7C6AFED81} = {9C52C063-D70C-4ACF-8EED-E06F0363AEF9}
		{E9A6FA7E-9954-42A9-987C-448FCBDB8DAE} = {25F3F83B-2BF4-48E0-BDD9-18BA46CA00A1}
		{5CB7175B-DAD5-41A2-A5DC-B933CA719688} = {25F3F83B-2BF4-48E0-BDD9-18BA46CA00A1}
		{0A071F4C-EA12-4F12-87DC-FF26FFEE80B6} = {25F3F83B-2BF4-48E0-BDD9-18BA46CA00A1}
		{A7A865AF-CC07-4A36-A27C-E636F1EF9B8A} = {25F3F83B-2BF4-48E0-BDD9-18BA46CA00A1}
		{EDC8C00B-CAD3-4BE3-8AD8-83607F6417B8} = {25F3F83B-2BF4-48E0-BDD9-18BA46CA00A1}
		{24DE1438-8A6D-4454-9371-1704ABE1CCBC} = {25F3F83B-2BF4-48E0-BDD9-18BA46CA00A1}
		{11885F51-E021-4D25-B90D-52131AC25DFF} = {25F3F83B-2BF4-48E0-BDD9-18BA46CA00A1}
		{8FBDF311-3300-4505-A177-5E7CDFDA0B44} = {8A47582B-01BD-4408-806C-27C7C6AFED81}
		{46C7027D-D76D-4525-B383-3EA66621102A} = {8A47582B-01BD-4408-806C-27C7C6AFED81}
		{15AF63EC-02E8-4F18-BC66-E3BBB30C8092} = {8A47582B-01BD-4408-806C-27C7C6AFED81}
		{8186F4B6-DE59-4AC8-8224-6BF65B0F63FF} = {8A47582B-01BD-4408-806C-27C7C6AFED81}
		{D2B152F1-EA0C-4869-BA73-65DDC922E6F8} = {8A47582B-01BD-4408-806C-27C7C6AFED81}
		{47AAA4BA-9D06-4873-9717-09748B370D9C} = {8A47582B-01BD-4408-806C-27C7C6AFED81}
		{1139BB92-43E5-464A-9D49-BE893DFFF52B} = {8A47582B-01BD-4408-806C-27C7C6AFED81}
		{18150C3F-65B7-41DB-BFC1-AAE6E75CEDF6} = {C2F8C65D-BF50-43CA-AEE3-4CABA6A38F9C}
		{EC193F05-A8C9-4E99-ACE2-FFB9ED1BC524} = {18150C3F-65B7-41DB-BFC1-AAE6E75CEDF6}
		{CA601077-C2BA-48D7-B8C7-786F72AFD419} = {EC193F05-A8C9-4E99-ACE2-FFB9ED1BC524}
		{C89135BB-C816-4047-AB37-6A6DCF0CD500} = {EC193F05-A8C9-4E99-ACE2-FFB9ED1BC524}
		{6DE2A89C-C1DF-42F7-A80D-2D9F318E95EF} = {EC193F05-A8C9-4E99-ACE2-FFB9ED1BC524}
		{37B89C8E-1CD8-4DEA-92D6-C6363289FCA5} = {6DE2A89C-C1DF-42F7-A80D-2D9F318E95EF}
		{9006F81B-6BB4-4B8D-8CDD-C78D34D57DB5} = {6DE2A89C-C1DF-42F7-A80D-2D9F318E95EF}
		{FC7551D9-A1FA-490A-9D1B-6A722E864C1D} = {6DE2A89C-C1DF-42F7-A80D-2D9F318E95EF}
		{BA98E726-7405-4409-B303-7CD33C07F08E} = {9C52C063-D70C-4ACF-8EED-E06F0363AEF9}
		{37162D85-AC80-4ADE-91CC-8B40447A549C} = {BA98E726-7405-4409-B303-7CD33C07F08E}
		{88E40608-A1E3-4585-8A33-39CC591E5945} = {BA98E726-7405-4409-B303-7CD33C07F08E}
		{66F6CBDA-3A27-412F-BAD8-D7170561C3DC} = {BA98E726-7405-4409-B303-7CD33C07F08E}
		{54333183-0D78-4054-892D-F345925844A7} = {BA98E726-7405-4409-B303-7CD33C07F08E}
		{2D26088C-5287-4A49-A252-8F40C9CFDC35} = {BA98E726-7405-4409-B303-7CD33C07F08E}
		{43C4240F-8F25-4B13-A3DF-B666934824C2} = {BA98E726-7405-4409-B303-7CD33C07F08E}
		{033A0738-CACB-4241-9255-0EE3548E3D1A} = {BA98E726-7405-4409-B303-7CD33C07F08E}
		{C71296C2-9D3E-49A5-A405-967262330A83} = {6DE2A89C-C1DF-42F7-A80D-2D9F318E95EF}
		{4EE5DB73-E884-4B54-BF6E-CF8C7549C38C} = {9C52C063-D70C-4ACF-8EED-E06F0363AEF9}
		{2A21C91E-3089-46BB-81CF-83636C0152D9} = {4EE5DB73-E884-4B54-BF6E-CF8C7549C38C}
		{35BC52CA-00AC-4C06-96BB-BDD253D70BDF} = {2A21C91E-3089-46BB-81CF-83636C0152D9}
		{707925DD-487B-4BE3-A6AF-5DAEC7465A1C} = {2A21C91E-3089-46BB-81CF-83636C0152D9}
		{DB20B349-B602-4854-A730-71B616F85BB2} = {2A21C91E-3089-46BB-81CF-83636C0152D9}
		{DD97BDF1-8894-4708-83CB-87ACF05A0917} = {C2F8C65D-BF50-43CA-AEE3-4CABA6A38F9C}
		{F1A2A87A-9577-4CEA-AD0C-4F571A691E41} = {DD97BDF1-8894-4708-83CB-87ACF05A0917}
		{0BE12DF7-9A72-4710-A79B-38035255E07A} = {F1A2A87A-9577-4CEA-AD0C-4F571A691E41}
		{66F70AC6-5408-4797-9EE4-C96855A895C6} = {F1A2A87A-9577-4CEA-AD0C-4F571A691E41}
		{B42EC198-5E89-499F-8A0B-F0F798F60D1C} = {4EE5DB73-E884-4B54-BF6E-CF8C7549C38C}
		{36477194-76AE-4E3F-8D8E-E853BB290770} = {DD97BDF1-8894-4708-83CB-87ACF05A0917}
		{813A2B1B-0688-4201-AC9F-0D48F68D0C20} = {36477194-76AE-4E3F-8D8E-E853BB290770}
		{974277C4-8432-4154-B0C5-807350316EF8} = {DD97BDF1-8894-4708-83CB-87ACF05A0917}
		{7A2668EC-9CC2-4119-B509-4270DD448933} = {974277C4-8432-4154-B0C5-807350316EF8}
		{26D6C08B-9D02-4E66-B93E-ECB48DCBAC60} = {974277C4-8432-4154-B0C5-807350316EF8}
		{80B2091D-5B7B-48D4-BCCB-FFEC22CB965A} = {AA251917-5DC2-4221-A0D6-816ADF6E47D1}
		{CA9B109E-10C0-49C0-BD9E-9D0BE28F3AC9} = {F30241D2-F5D0-41B6-9EC3-2149287D5C17}
		{E381D6B3-AC85-49F8-85EB-E53A8F80BCFF} = {DD97BDF1-8894-4708-83CB-87ACF05A0917}
		{1030BECA-9EA8-444C-82BD-1B9D9EC8FDB1} = {E381D6B3-AC85-49F8-85EB-E53A8F80BCFF}
	EndGlobalSection
	GlobalSection(ExtensibilityGlobals) = postSolution
		SolutionGuid = {F7327476-2342-495A-A128-22D87D70072D}
	EndGlobalSection
EndGlobal
